
Microsoft Visual Studio Solution File, Format Version 12.00
# Visual Studio Version 17
VisualStudioVersion = 17.8.34316.72
MinimumVisualStudioVersion = 10.0.40219.1
Project("{FAE04EC0-301F-11D3-BF4B-00C04F79EFBC}") = "OOAP lab 6", "OOAP lab 6\OOAP lab 6.csproj", "{031D74DC-5965-4FDB-B653-AB8BD8739A2C}"
EndProject
Global
	GlobalSection(SolutionConfigurationPlatforms) = preSolution
		Debug|Any CPU = Debug|Any CPU
		Release|Any CPU = Release|Any CPU
	EndGlobalSection
	GlobalSection(ProjectConfigurationPlatforms) = postSolution
		{031D74DC-5965-4FDB-B653-AB8BD8739A2C}.Debug|Any CPU.ActiveCfg = Debug|Any CPU
		{031D74DC-5965-4FDB-B653-AB8BD8739A2C}.Debug|Any CPU.Build.0 = Debug|Any CPU
		{031D74DC-5965-4FDB-B653-AB8BD8739A2C}.Release|Any CPU.ActiveCfg = Release|Any CPU
		{031D74DC-5965-4FDB-B653-AB8BD8739A2C}.Release|Any CPU.Build.0 = Release|Any CPU
	EndGlobalSection
	GlobalSection(SolutionProperties) = preSolution
		HideSolutionNode = FALSE
	EndGlobalSection
	GlobalSection(ExtensibilityGlobals) = postSolution
		SolutionGuid = {C76C4CA7-317E-4065-AB9D-C2EE6AB20245}
	EndGlobalSection
EndGlobal
